
Microsoft Visual Studio Solution File, Format Version 12.00
# Visual Studio Version 16
VisualStudioVersion = 16.0.29613.14
MinimumVisualStudioVersion = 10.0.40219.1
Project("{FAE04EC0-301F-11D3-BF4B-00C04F79EFBC}") = "Parallel", "Parallel.csproj", "{B1DCD925-AAA1-4FC6-BA86-C75D5B0EBE7F}"
EndProject
Global
	GlobalSection(SolutionConfigurationPlatforms) = preSolution
		Debug|Any CPU = Debug|Any CPU
		Release|Any CPU = Release|Any CPU
	EndGlobalSection
	GlobalSection(ProjectConfigurationPlatforms) = postSolution
		{B1DCD925-AAA1-4FC6-BA86-C75D5B0EBE7F}.Debug|Any CPU.ActiveCfg = Debug|Any CPU
		{B1DCD925-AAA1-4FC6-BA86-C75D5B0EBE7F}.Debug|Any CPU.Build.0 = Debug|Any CPU
		{B1DCD925-AAA1-4FC6-BA86-C75D5B0EBE7F}.Release|Any CPU.ActiveCfg = Release|Any CPU
		{B1DCD925-AAA1-4FC6-BA86-C75D5B0EBE7F}.Release|Any CPU.Build.0 = Release|Any CPU
	EndGlobalSection
	GlobalSection(SolutionProperties) = preSolution
		HideSolutionNode = FALSE
	EndGlobalSection
	GlobalSection(ExtensibilityGlobals) = postSolution
		SolutionGuid = {57C8F151-5105-47A0-AEEA-54942A725909}
	EndGlobalSection
EndGlobal
